{
  "lockfile_version": "1",
  "packages": {
    "gita@latest": {
      "last_modified": "2023-06-30T04:44:22Z",
      "resolved": "github:NixOS/nixpkgs/3c614fbc76fc152f3e1bc4b2263da6d90adf80fb#gita",
      "source": "devbox-search",
      "version": "0.11.9"
    },
    "hadolint@latest": {
      "last_modified": "2023-07-23T03:35:12Z",
      "resolved": "github:NixOS/nixpkgs/af8cd5ded7735ca1df1a1174864daab75feeb64a#hadolint",
      "source": "devbox-search",
      "version": "2.12.0"
    },
    "python@3.12.0": {
      "last_modified": "2023-10-03T09:29:46Z",
      "plugin_version": "0.0.1",
      "resolved": "github:NixOS/nixpkgs/e2b8feae8470705c3f331901ae057da3095cea10#python312",
      "source": "devbox-search",
      "version": "3.12.0",
      "systems": {
        "aarch64-darwin": {
          "store_path": "/nix/store/4w9xnvsbw0b3nyzc64alz7nv7ay4a88j-python3-3.12.0"
        },
        "aarch64-linux": {
          "store_path": "/nix/store/dgg6kzpv7yg3h83m6aa5vnplvfghcdyq-python3-3.12.0"
        },
        "x86_64-darwin": {
          "store_path": "/nix/store/grmb7mw4ixqrbrp87yqigmxiaydnqcg0-python3-3.12.0"
        },
        "x86_64-linux": {
          "store_path": "/nix/store/7gldca15px30wpk6bfrscn19sdg755q8-python3-3.12.0"
        }
      }
    },
    "shfmt@latest": {
      "last_modified": "2023-08-08T03:07:33Z",
      "resolved": "github:NixOS/nixpkgs/844ffa82bbe2a2779c86ab3a72ff1b4176cec467#shfmt",
      "source": "devbox-search",
      "version": "3.7.0"
    }
  }
}
